
Microsoft Visual Studio Solution File, Format Version 12.00
# Visual Studio Version 17
VisualStudioVersion = 17.7.34031.279
MinimumVisualStudioVersion = 10.0.40219.1
Project("{2150E333-8FDC-42A3-9474-1A3956D46DE8}") = "src", "src", "{FF007211-F8D5-452A-8ABA-05928D394CE8}"
EndProject
Project("{9A19103F-16F7-4668-BE54-9A1E7A4F7556}") = "PNN.File", "MediaFile\PNN.File.csproj", "{1E98A170-78C8-4A74-92C2-73DDAF0EA68D}"
EndProject
Project("{2150E333-8FDC-42A3-9474-1A3956D46DE8}") = "Solution Items", "Solution Items", "{65C2C6D6-1BAF-4B90-BD92-627A5BD7CA92}"
	ProjectSection(SolutionItems) = preProject
		.editorconfig = .editorconfig
		TextFile1.txt = TextFile1.txt
	EndProjectSection
EndProject
Project("{9A19103F-16F7-4668-BE54-9A1E7A4F7556}") = "TestMediaFile", "TestMediaFile\TestMediaFile.csproj", "{42DBD523-0410-4511-9A95-1A51FCBC3179}"
EndProject
Global
	GlobalSection(SolutionConfigurationPlatforms) = preSolution
		Debug|Any CPU = Debug|Any CPU
		Release|Any CPU = Release|Any CPU
	EndGlobalSection
	GlobalSection(ProjectConfigurationPlatforms) = postSolution
		{1E98A170-78C8-4A74-92C2-73DDAF0EA68D}.Debug|Any CPU.ActiveCfg = Debug|Any CPU
		{1E98A170-78C8-4A74-92C2-73DDAF0EA68D}.Debug|Any CPU.Build.0 = Debug|Any CPU
		{1E98A170-78C8-4A74-92C2-73DDAF0EA68D}.Release|Any CPU.ActiveCfg = Release|Any CPU
		{1E98A170-78C8-4A74-92C2-73DDAF0EA68D}.Release|Any CPU.Build.0 = Release|Any CPU
		{42DBD523-0410-4511-9A95-1A51FCBC3179}.Debug|Any CPU.ActiveCfg = Debug|Any CPU
		{42DBD523-0410-4511-9A95-1A51FCBC3179}.Debug|Any CPU.Build.0 = Debug|Any CPU
		{42DBD523-0410-4511-9A95-1A51FCBC3179}.Release|Any CPU.ActiveCfg = Release|Any CPU
		{42DBD523-0410-4511-9A95-1A51FCBC3179}.Release|Any CPU.Build.0 = Release|Any CPU
	EndGlobalSection
	GlobalSection(SolutionProperties) = preSolution
		HideSolutionNode = FALSE
	EndGlobalSection
	GlobalSection(NestedProjects) = preSolution
		{1E98A170-78C8-4A74-92C2-73DDAF0EA68D} = {FF007211-F8D5-452A-8ABA-05928D394CE8}
		{42DBD523-0410-4511-9A95-1A51FCBC3179} = {FF007211-F8D5-452A-8ABA-05928D394CE8}
	EndGlobalSection
	GlobalSection(ExtensibilityGlobals) = postSolution
		SolutionGuid = {2AC61A85-9098-45CD-AB78-CA49365AF47E}
	EndGlobalSection
EndGlobal
